// !$*UTF8*$!
{
	archiveVersion = 1;
	classes = {
	};
	objectVersion = 56;
	objects = {

/* Begin PBXBuildFile section */
		A8086F7E290FBFA4008A5A8F /* KCApp.swift in Sources */ = {isa = PBXBuildFile; fileRef = A8086F7D290FBFA4008A5A8F /* KCApp.swift */; };
		A8086F80290FBFA4008A5A8F /* ContentView.swift in Sources */ = {isa = PBXBuildFile; fileRef = A8086F7F290FBFA4008A5A8F /* ContentView.swift */; };
		A8086F82290FBFA6008A5A8F /* Assets.xcassets in Resources */ = {isa = PBXBuildFile; fileRef = A8086F81290FBFA6008A5A8F /* Assets.xcassets */; };
		A8086F85290FBFA6008A5A8F /* Preview Assets.xcassets in Resources */ = {isa = PBXBuildFile; fileRef = A8086F84290FBFA6008A5A8F /* Preview Assets.xcassets */; };
		A8328989291CC28000672A03 /* KCsakusei.swift in Sources */ = {isa = PBXBuildFile; fileRef = A8328988291CC28000672A03 /* KCsakusei.swift */; };
		A832898B291CC2BC00672A03 /* KCitiran.swift in Sources */ = {isa = PBXBuildFile; fileRef = A832898A291CC2BC00672A03 /* KCitiran.swift */; };
		A832898D291CC2DC00672A03 /* sozai.swift in Sources */ = {isa = PBXBuildFile; fileRef = A832898C291CC2DC00672A03 /* sozai.swift */; };
		A84978DC290FCC0800F336D6 /* SecondView.swift in Sources */ = {isa = PBXBuildFile; fileRef = A84978DB290FCC0800F336D6 /* SecondView.swift */; };
		A85C0E7D29386AAF0013AB28 /* ImagePickerView.swift in Sources */ = {isa = PBXBuildFile; fileRef = A85C0E7C29386AAF0013AB28 /* ImagePickerView.swift */; };
/* End PBXBuildFile section */

/* Begin PBXFileReference section */
		A8086F7A290FBFA4008A5A8F /* KC.app */ = {isa = PBXFileReference; explicitFileType = wrapper.application; includeInIndex = 0; path = KC.app; sourceTree = BUILT_PRODUCTS_DIR; };
		A8086F7D290FBFA4008A5A8F /* KCApp.swift */ = {isa = PBXFileReference; lastKnownFileType = sourcecode.swift; path = KCApp.swift; sourceTree = "<group>"; };
		A8086F7F290FBFA4008A5A8F /* ContentView.swift */ = {isa = PBXFileReference; lastKnownFileType = sourcecode.swift; path = ContentView.swift; sourceTree = "<group>"; };
		A8086F81290FBFA6008A5A8F /* Assets.xcassets */ = {isa = PBXFileReference; lastKnownFileType = folder.assetcatalog; path = Assets.xcassets; sourceTree = "<group>"; };
		A8086F84290FBFA6008A5A8F /* Preview Assets.xcassets */ = {isa = PBXFileReference; lastKnownFileType = folder.assetcatalog; path = "Preview Assets.xcassets"; sourceTree = "<group>"; };
		A8328988291CC28000672A03 /* KCsakusei.swift */ = {isa = PBXFileReference; lastKnownFileType = sourcecode.swift; path = KCsakusei.swift; sourceTree = "<group>"; };
		A832898A291CC2BC00672A03 /* KCitiran.swift */ = {isa = PBXFileReference; lastKnownFileType = sourcecode.swift; path = KCitiran.swift; sourceTree = "<group>"; };
		A832898C291CC2DC00672A03 /* sozai.swift */ = {isa = PBXFileReference; lastKnownFileType = sourcecode.swift; path = sozai.swift; sourceTree = "<group>"; };
		A84978DB290FCC0800F336D6 /* SecondView.swift */ = {isa = PBXFileReference; lastKnownFileType = sourcecode.swift; path = SecondView.swift; sourceTree = "<group>"; };
		A85C0E7C29386AAF0013AB28 /* ImagePickerView.swift */ = {isa = PBXFileReference; lastKnownFileType = sourcecode.swift; path = ImagePickerView.swift; sourceTree = "<group>"; };
/* End PBXFileReference section */

/* Begin PBXFrameworksBuildPhase section */
		A8086F77290FBFA4008A5A8F /* Frameworks */ = {
			isa = PBXFrameworksBuildPhase;
			buildActionMask = 2147483647;
			files = (
			);
			runOnlyForDeploymentPostprocessing = 0;
		};
/* End PBXFrameworksBuildPhase section */

/* Begin PBXGroup section */
		A8086F71290FBFA4008A5A8F = {
			isa = PBXGroup;
			children = (
				A8086F7C290FBFA4008A5A8F /* KC */,
				A8086F7B290FBFA4008A5A8F /* Products */,
			);
			sourceTree = "<group>";
		};
		A8086F7B290FBFA4008A5A8F /* Products */ = {
			isa = PBXGroup;
			children = (
				A8086F7A290FBFA4008A5A8F /* KC.app */,
			);
			name = Products;
			sourceTree = "<group>";
		};
		A8086F7C290FBFA4008A5A8F /* KC */ = {
			isa = PBXGroup;
			children = (
				A8086F7D290FBFA4008A5A8F /* KCApp.swift */,
				A8086F7F290FBFA4008A5A8F /* ContentView.swift */,
				A84978DB290FCC0800F336D6 /* SecondView.swift */,
				A8328988291CC28000672A03 /* KCsakusei.swift */,
				A85C0E7C29386AAF0013AB28 /* ImagePickerView.swift */,
				A832898A291CC2BC00672A03 /* KCitiran.swift */,
				A832898C291CC2DC00672A03 /* sozai.swift */,
				A8086F81290FBFA6008A5A8F /* Assets.xcassets */,
				A8086F83290FBFA6008A5A8F /* Preview Content */,
			);
			path = KC;
			sourceTree = "<group>";
		};
		A8086F83290FBFA6008A5A8F /* Preview Content */ = {
			isa = PBXGroup;
			children = (
				A8086F84290FBFA6008A5A8F /* Preview Assets.xcassets */,
			);
			path = "Preview Content";
			sourceTree = "<group>";
		};
/* End PBXGroup section */

/* Begin PBXNativeTarget section */
		A8086F79290FBFA4008A5A8F /* KC */ = {
			isa = PBXNativeTarget;
			buildConfigurationList = A8086F88290FBFA6008A5A8F /* Build configuration list for PBXNativeTarget "KC" */;
			buildPhases = (
				A8086F76290FBFA4008A5A8F /* Sources */,
				A8086F77290FBFA4008A5A8F /* Frameworks */,
				A8086F78290FBFA4008A5A8F /* Resources */,
			);
			buildRules = (
			);
			dependencies = (
			);
			name = KC;
			productName = KC;
			productReference = A8086F7A290FBFA4008A5A8F /* KC.app */;
			productType = "com.apple.product-type.application";
		};
/* End PBXNativeTarget section */

/* Begin PBXProject section */
		A8086F72290FBFA4008A5A8F /* Project object */ = {
			isa = PBXProject;
			attributes = {
				BuildIndependentTargetsInParallel = 1;
				LastSwiftUpdateCheck = 1400;
				LastUpgradeCheck = 1400;
				TargetAttributes = {
					A8086F79290FBFA4008A5A8F = {
						CreatedOnToolsVersion = 14.0.1;
					};
				};
			};
			buildConfigurationList = A8086F75290FBFA4008A5A8F /* Build configuration list for PBXProject "KC" */;
			compatibilityVersion = "Xcode 14.0";
			developmentRegion = en;
			hasScannedForEncodings = 0;
			knownRegions = (
				en,
				Base,
			);
			mainGroup = A8086F71290FBFA4008A5A8F;
			productRefGroup = A8086F7B290FBFA4008A5A8F /* Products */;
			projectDirPath = "";
			projectRoot = "";
			targets = (
				A8086F79290FBFA4008A5A8F /* KC */,
			);
		};
/* End PBXProject section */

/* Begin PBXResourcesBuildPhase section */
		A8086F78290FBFA4008A5A8F /* Resources */ = {
			isa = PBXResourcesBuildPhase;
			buildActionMask = 2147483647;
			files = (
				A8086F85290FBFA6008A5A8F /* Preview Assets.xcassets in Resources */,
				A8086F82290FBFA6008A5A8F /* Assets.xcassets in Resources */,
			);
			runOnlyForDeploymentPostprocessing = 0;
		};
/* End PBXResourcesBuildPhase section */

/* Begin PBXSourcesBuildPhase section */
		A8086F76290FBFA4008A5A8F /* Sources */ = {
			isa = PBXSourcesBuildPhase;
			buildActionMask = 2147483647;
			files = (
				A84978DC290FCC0800F336D6 /* SecondView.swift in Sources */,
				A8328989291CC28000672A03 /* KCsakusei.swift in Sources */,
				A832898D291CC2DC00672A03 /* sozai.swift in Sources */,
				A832898B291CC2BC00672A03 /* KCitiran.swift in Sources */,
				A8086F80290FBFA4008A5A8F /* ContentView.swift in Sources */,
				A85C0E7D29386AAF0013AB28 /* ImagePickerView.swift in Sources */,
				A8086F7E290FBFA4008A5A8F /* KCApp.swift in Sources */,
			);
			runOnlyForDeploymentPostprocessing = 0;
		};
/* End PBXSourcesBuildPhase section */

/* Begin XCBuildConfiguration section */
		A8086F86290FBFA6008A5A8F /* Debug */ = {
			isa = XCBuildConfiguration;
			buildSettings = {
				ALWAYS_SEARCH_USER_PATHS = NO;
				CLANG_ANALYZER_NONNULL = YES;
				CLANG_ANALYZER_NUMBER_OBJECT_CONVERSION = YES_AGGRESSIVE;
				CLANG_CXX_LANGUAGE_STANDARD = "gnu++20";
				CLANG_ENABLE_MODULES = YES;
				CLANG_ENABLE_OBJC_ARC = YES;
				CLANG_ENABLE_OBJC_WEAK = YES;
				CLANG_WARN_BLOCK_CAPTURE_AUTORELEASING = YES;
				CLANG_WARN_BOOL_CONVERSION = YES;
				CLANG_WARN_COMMA = YES;
				CLANG_WARN_CONSTANT_CONVERSION = YES;
				CLANG_WARN_DEPRECATED_OBJC_IMPLEMENTATIONS = YES;
				CLANG_WARN_DIRECT_OBJC_ISA_USAGE = YES_ERROR;
				CLANG_WARN_DOCUMENTATION_COMMENTS = YES;
				CLANG_WARN_EMPTY_BODY = YES;
				CLANG_WARN_ENUM_CONVERSION = YES;
				CLANG_WARN_INFINITE_RECURSION = YES;
				CLANG_WARN_INT_CONVERSION = YES;
				CLANG_WARN_NON_LITERAL_NULL_CONVERSION = YES;
				CLANG_WARN_OBJC_IMPLICIT_RETAIN_SELF = YES;
				CLANG_WARN_OBJC_LITERAL_CONVERSION = YES;
				CLANG_WARN_OBJC_ROOT_CLASS = YES_ERROR;
				CLANG_WARN_QUOTED_INCLUDE_IN_FRAMEWORK_HEADER = YES;
				CLANG_WARN_RANGE_LOOP_ANALYSIS = YES;
				CLANG_WARN_STRICT_PROTOTYPES = YES;
				CLANG_WARN_SUSPICIOUS_MOVE = YES;
				CLANG_WARN_UNGUARDED_AVAILABILITY = YES_AGGRESSIVE;
				CLANG_WARN_UNREACHABLE_CODE = YES;
				CLANG_WARN__DUPLICATE_METHOD_MATCH = YES;
				COPY_PHASE_STRIP = NO;
				DEBUG_INFORMATION_FORMAT = dwarf;
				ENABLE_STRICT_OBJC_MSGSEND = YES;
				ENABLE_TESTABILITY = YES;
				GCC_C_LANGUAGE_STANDARD = gnu11;
				GCC_DYNAMIC_NO_PIC = NO;
				GCC_NO_COMMON_BLOCKS = YES;
				GCC_OPTIMIZATION_LEVEL = 0;
				GCC_PREPROCESSOR_DEFINITIONS = (
					"DEBUG=1",
					"$(inherited)",
				);
				GCC_WARN_64_TO_32_BIT_CONVERSION = YES;
				GCC_WARN_ABOUT_RETURN_TYPE = YES_ERROR;
				GCC_WARN_UNDECLARED_SELECTOR = YES;
				GCC_WARN_UNINITIALIZED_AUTOS = YES_AGGRESSIVE;
				GCC_WARN_UNUSED_FUNCTION = YES;
				GCC_WARN_UNUSED_VARIABLE = YES;
				IPHONEOS_DEPLOYMENT_TARGET = 16.0;
				MTL_ENABLE_DEBUG_INFO = INCLUDE_SOURCE;
				MTL_FAST_MATH = YES;
				ONLY_ACTIVE_ARCH = YES;
				SDKROOT = iphoneos;
				SWIFT_ACTIVE_COMPILATION_CONDITIONS = DEBUG;
				SWIFT_OPTIMIZATION_LEVEL = "-Onone";
			};
			name = Debug;
		};
		A8086F87290FBFA6008A5A8F /* Release */ = {
			isa = XCBuildConfiguration;
			buildSettings = {
				ALWAYS_SEARCH_USER_PATHS = NO;
				CLANG_ANALYZER_NONNULL = YES;
				CLANG_ANALYZER_NUMBER_OBJECT_CONVERSION = YES_AGGRESSIVE;
				CLANG_CXX_LANGUAGE_STANDARD = "gnu++20";
				CLANG_ENABLE_MODULES = YES;
				CLANG_ENABLE_OBJC_ARC = YES;
				CLANG_ENABLE_OBJC_WEAK = YES;
				CLANG_WARN_BLOCK_CAPTURE_AUTORELEASING = YES;
				CLANG_WARN_BOOL_CONVERSION = YES;
				CLANG_WARN_COMMA = YES;
				CLANG_WARN_CONSTANT_CONVERSION = YES;
				CLANG_WARN_DEPRECATED_OBJC_IMPLEMENTATIONS = YES;
				CLANG_WARN_DIRECT_OBJC_ISA_USAGE = YES_ERROR;
				CLANG_WARN_DOCUMENTATION_COMMENTS = YES;
				CLANG_WARN_EMPTY_BODY = YES;
				CLANG_WARN_ENUM_CONVERSION = YES;
				CLANG_WARN_INFINITE_RECURSION = YES;
				CLANG_WARN_INT_CONVERSION = YES;
				CLANG_WARN_NON_LITERAL_NULL_CONVERSION = YES;
				CLANG_WARN_OBJC_IMPLICIT_RETAIN_SELF = YES;
				CLANG_WARN_OBJC_LITERAL_CONVERSION = YES;
				CLANG_WARN_OBJC_ROOT_CLASS = YES_ERROR;
				CLANG_WARN_QUOTED_INCLUDE_IN_FRAMEWORK_HEADER = YES;
				CLANG_WARN_RANGE_LOOP_ANALYSIS = YES;
				CLANG_WARN_STRICT_PROTOTYPES = YES;
				CLANG_WARN_SUSPICIOUS_MOVE = YES;
				CLANG_WARN_UNGUARDED_AVAILABILITY = YES_AGGRESSIVE;
				CLANG_WARN_UNREACHABLE_CODE = YES;
				CLANG_WARN__DUPLICATE_METHOD_MATCH = YES;
				COPY_PHASE_STRIP = NO;
				DEBUG_INFORMATION_FORMAT = "dwarf-with-dsym";
				ENABLE_NS_ASSERTIONS = NO;
				ENABLE_STRICT_OBJC_MSGSEND = YES;
				GCC_C_LANGUAGE_STANDARD = gnu11;
				GCC_NO_COMMON_BLOCKS = YES;
				GCC_WARN_64_TO_32_BIT_CONVERSION = YES;
				GCC_WARN_ABOUT_RETURN_TYPE = YES_ERROR;
				GCC_WARN_UNDECLARED_SELECTOR = YES;
				GCC_WARN_UNINITIALIZED_AUTOS = YES_AGGRESSIVE;
				GCC_WARN_UNUSED_FUNCTION = YES;
				GCC_WARN_UNUSED_VARIABLE = YES;
				IPHONEOS_DEPLOYMENT_TARGET = 16.0;
				MTL_ENABLE_DEBUG_INFO = NO;
				MTL_FAST_MATH = YES;
				SDKROOT = iphoneos;
				SWIFT_COMPILATION_MODE = wholemodule;
				SWIFT_OPTIMIZATION_LEVEL = "-O";
				VALIDATE_PRODUCT = YES;
			};
			name = Release;
		};
		A8086F89290FBFA6008A5A8F /* Debug */ = {
			isa = XCBuildConfiguration;
			buildSettings = {
				ASSETCATALOG_COMPILER_APPICON_NAME = AppIcon;
				ASSETCATALOG_COMPILER_GLOBAL_ACCENT_COLOR_NAME = AccentColor;
				CODE_SIGN_STYLE = Automatic;
				CURRENT_PROJECT_VERSION = 1;
				DEVELOPMENT_ASSET_PATHS = "\"KC/Preview Content\"";
				DEVELOPMENT_TEAM = 6FH96TZ3WL;
				ENABLE_PREVIEWS = YES;
				GENERATE_INFOPLIST_FILE = YES;
				INFOPLIST_KEY_LSApplicationCategoryType = "";
				INFOPLIST_KEY_NSCameraUsageDescription = "写真を撮影するためにカメラを使用します";
				INFOPLIST_KEY_NSPhotoLibraryAddUsageDescription = "撮影した写真の保存に利用します";
				INFOPLIST_KEY_NSPhotoLibraryUsageDescription = "フォトライブラリにアクセスします";
				INFOPLIST_KEY_UIApplicationSceneManifest_Generation = YES;
				INFOPLIST_KEY_UIApplicationSupportsIndirectInputEvents = YES;
				INFOPLIST_KEY_UILaunchScreen_Generation = YES;
				INFOPLIST_KEY_UIRequiresFullScreen = YES;
				INFOPLIST_KEY_UISupportedInterfaceOrientations = "UIInterfaceOrientationLandscapeLeft UIInterfaceOrientationLandscapeRight UIInterfaceOrientationPortrait";
				INFOPLIST_KEY_UISupportedInterfaceOrientations_iPad = UIInterfaceOrientationLandscapeRight;
				IPHONEOS_DEPLOYMENT_TARGET = 16.0;
				LD_RUNPATH_SEARCH_PATHS = (
					"$(inherited)",
					"@executable_path/Frameworks",
				);
				MARKETING_VERSION = 1.0;
				PRODUCT_BUNDLE_IDENTIFIER = com.gmail.tohtech.miuralab.KC;
				PRODUCT_NAME = "$(TARGET_NAME)";
				SWIFT_EMIT_LOC_STRINGS = YES;
				SWIFT_VERSION = 5.0;
				TARGETED_DEVICE_FAMILY = "1,2";
			};
			name = Debug;
		};
		A8086F8A290FBFA6008A5A8F /* Release */ = {
			isa = XCBuildConfiguration;
			buildSettings = {
				ASSETCATALOG_COMPILER_APPICON_NAME = AppIcon;
				ASSETCATALOG_COMPILER_GLOBAL_ACCENT_COLOR_NAME = AccentColor;
				CODE_SIGN_STYLE = Automatic;
				CURRENT_PROJECT_VERSION = 1;
				DEVELOPMENT_ASSET_PATHS = "\"KC/Preview Content\"";
				DEVELOPMENT_TEAM = 6FH96TZ3WL;
				ENABLE_PREVIEWS = YES;
				GENERATE_INFOPLIST_FILE = YES;
				INFOPLIST_KEY_LSApplicationCategoryType = "";
				INFOPLIST_KEY_NSCameraUsageDescription = "写真を撮影するためにカメラを使用します";
				INFOPLIST_KEY_NSPhotoLibraryAddUsageDescription = "撮影した写真の保存に利用します";
				INFOPLIST_KEY_NSPhotoLibraryUsageDescription = "フォトライブラリにアクセスします";
				INFOPLIST_KEY_UIApplicationSceneManifest_Generation = YES;
				INFOPLIST_KEY_UIApplicationSupportsIndirectInputEvents = YES;
				INFOPLIST_KEY_UILaunchScreen_Generation = YES;
				INFOPLIST_KEY_UIRequiresFullScreen = YES;
				INFOPLIST_KEY_UISupportedInterfaceOrientations = "UIInterfaceOrientationLandscapeLeft UIInterfaceOrientationLandscapeRight UIInterfaceOrientationPortrait";
				INFOPLIST_KEY_UISupportedInterfaceOrientations_iPad = UIInterfaceOrientationLandscapeRight;
				IPHONEOS_DEPLOYMENT_TARGET = 16.0;
				LD_RUNPATH_SEARCH_PATHS = (
					"$(inherited)",
					"@executable_path/Frameworks",
				);
				MARKETING_VERSION = 1.0;
				PRODUCT_BUNDLE_IDENTIFIER = com.gmail.tohtech.miuralab.KC;
				PRODUCT_NAME = "$(TARGET_NAME)";
				SWIFT_EMIT_LOC_STRINGS = YES;
				SWIFT_VERSION = 5.0;
				TARGETED_DEVICE_FAMILY = "1,2";
			};
			name = Release;
		};
/* End XCBuildConfiguration section */

/* Begin XCConfigurationList section */
		A8086F75290FBFA4008A5A8F /* Build configuration list for PBXProject "KC" */ = {
			isa = XCConfigurationList;
			buildConfigurations = (
				A8086F86290FBFA6008A5A8F /* Debug */,
				A8086F87290FBFA6008A5A8F /* Release */,
			);
			defaultConfigurationIsVisible = 0;
			defaultConfigurationName = Release;
		};
		A8086F88290FBFA6008A5A8F /* Build configuration list for PBXNativeTarget "KC" */ = {
			isa = XCConfigurationList;
			buildConfigurations = (
				A8086F89290FBFA6008A5A8F /* Debug */,
				A8086F8A290FBFA6008A5A8F /* Release */,
			);
			defaultConfigurationIsVisible = 0;
			defaultConfigurationName = Release;
		};
/* End XCConfigurationList section */
	};
	rootObject = A8086F72290FBFA4008A5A8F /* Project object */;
}
